
Microsoft Visual Studio Solution File, Format Version 12.00
# Visual Studio Version 16
VisualStudioVersion = 16.0.30310.162
MinimumVisualStudioVersion = 10.0.40219.1
Project("{9A19103F-16F7-4668-BE54-9A1E7A4F7556}") = "ShopAmazing.Common", "ShopAmazing.Common\ShopAmazing.Common.csproj", "{476F0FC0-DE06-4547-A6D5-F965FDF19A0B}"
EndProject
Project("{9A19103F-16F7-4668-BE54-9A1E7A4F7556}") = "ShopAmazing.Web", "ShopAmazing.Web\ShopAmazing.Web.csproj", "{869C2F62-4718-41DE-9C81-FC7DE9618420}"
EndProject
Project("{FAE04EC0-301F-11D3-BF4B-00C04F79EFBC}") = "ShopAmazing.Prism", "ShopAmazing.Prism\ShopAmazing.Prism\ShopAmazing.Prism.csproj", "{9328DB00-9C56-41E2-BB1B-429467EDB169}"
EndProject
Project("{FAE04EC0-301F-11D3-BF4B-00C04F79EFBC}") = "ShopAmazing.Prism.Android", "ShopAmazing.Prism\ShopAmazing.Prism.Android\ShopAmazing.Prism.Android.csproj", "{ABA6DB2B-60F6-46D9-852A-D56BC895E42D}"
EndProject
Project("{FAE04EC0-301F-11D3-BF4B-00C04F79EFBC}") = "ShopAmazing.Prism.iOS", "ShopAmazing.Prism\ShopAmazing.Prism.iOS\ShopAmazing.Prism.iOS.csproj", "{9AEACA41-BB64-4C23-AE4F-9F2B3DF7EF81}"
EndProject
Global
	GlobalSection(SolutionConfigurationPlatforms) = preSolution
		Ad-Hoc|Any CPU = Ad-Hoc|Any CPU
		Ad-Hoc|iPhone = Ad-Hoc|iPhone
		Ad-Hoc|iPhoneSimulator = Ad-Hoc|iPhoneSimulator
		AppStore|Any CPU = AppStore|Any CPU
		AppStore|iPhone = AppStore|iPhone
		AppStore|iPhoneSimulator = AppStore|iPhoneSimulator
		Debug|Any CPU = Debug|Any CPU
		Debug|iPhone = Debug|iPhone
		Debug|iPhoneSimulator = Debug|iPhoneSimulator
		Release|Any CPU = Release|Any CPU
		Release|iPhone = Release|iPhone
		Release|iPhoneSimulator = Release|iPhoneSimulator
	EndGlobalSection
	GlobalSection(ProjectConfigurationPlatforms) = postSolution
		{476F0FC0-DE06-4547-A6D5-F965FDF19A0B}.Ad-Hoc|Any CPU.ActiveCfg = Release|Any CPU
		{476F0FC0-DE06-4547-A6D5-F965FDF19A0B}.Ad-Hoc|Any CPU.Build.0 = Release|Any CPU
		{476F0FC0-DE06-4547-A6D5-F965FDF19A0B}.Ad-Hoc|iPhone.ActiveCfg = Release|Any CPU
		{476F0FC0-DE06-4547-A6D5-F965FDF19A0B}.Ad-Hoc|iPhone.Build.0 = Release|Any CPU
		{476F0FC0-DE06-4547-A6D5-F965FDF19A0B}.Ad-Hoc|iPhoneSimulator.ActiveCfg = Release|Any CPU
		{476F0FC0-DE06-4547-A6D5-F965FDF19A0B}.Ad-Hoc|iPhoneSimulator.Build.0 = Release|Any CPU
		{476F0FC0-DE06-4547-A6D5-F965FDF19A0B}.AppStore|Any CPU.ActiveCfg = Release|Any CPU
		{476F0FC0-DE06-4547-A6D5-F965FDF19A0B}.AppStore|Any CPU.Build.0 = Release|Any CPU
		{476F0FC0-DE06-4547-A6D5-F965FDF19A0B}.AppStore|iPhone.ActiveCfg = Release|Any CPU
		{476F0FC0-DE06-4547-A6D5-F965FDF19A0B}.AppStore|iPhone.Build.0 = Release|Any CPU
		{476F0FC0-DE06-4547-A6D5-F965FDF19A0B}.AppStore|iPhoneSimulator.ActiveCfg = Release|Any CPU
		{476F0FC0-DE06-4547-A6D5-F965FDF19A0B}.AppStore|iPhoneSimulator.Build.0 = Release|Any CPU
		{476F0FC0-DE06-4547-A6D5-F965FDF19A0B}.Debug|Any CPU.ActiveCfg = Debug|Any CPU
		{476F0FC0-DE06-4547-A6D5-F965FDF19A0B}.Debug|Any CPU.Build.0 = Debug|Any CPU
		{476F0FC0-DE06-4547-A6D5-F965FDF19A0B}.Debug|iPhone.ActiveCfg = Debug|Any CPU
		{476F0FC0-DE06-4547-A6D5-F965FDF19A0B}.Debug|iPhone.Build.0 = Debug|Any CPU
		{476F0FC0-DE06-4547-A6D5-F965FDF19A0B}.Debug|iPhoneSimulator.ActiveCfg = Debug|Any CPU
		{476F0FC0-DE06-4547-A6D5-F965FDF19A0B}.Debug|iPhoneSimulator.Build.0 = Debug|Any CPU
		{476F0FC0-DE06-4547-A6D5-F965FDF19A0B}.Release|Any CPU.ActiveCfg = Release|Any CPU
		{476F0FC0-DE06-4547-A6D5-F965FDF19A0B}.Release|Any CPU.Build.0 = Release|Any CPU
		{476F0FC0-DE06-4547-A6D5-F965FDF19A0B}.Release|iPhone.ActiveCfg = Release|Any CPU
		{476F0FC0-DE06-4547-A6D5-F965FDF19A0B}.Release|iPhone.Build.0 = Release|Any CPU
		{476F0FC0-DE06-4547-A6D5-F965FDF19A0B}.Release|iPhoneSimulator.ActiveCfg = Release|Any CPU
		{476F0FC0-DE06-4547-A6D5-F965FDF19A0B}.Release|iPhoneSimulator.Build.0 = Release|Any CPU
		{869C2F62-4718-41DE-9C81-FC7DE9618420}.Ad-Hoc|Any CPU.ActiveCfg = Release|Any CPU
		{869C2F62-4718-41DE-9C81-FC7DE9618420}.Ad-Hoc|Any CPU.Build.0 = Release|Any CPU
		{869C2F62-4718-41DE-9C81-FC7DE9618420}.Ad-Hoc|iPhone.ActiveCfg = Release|Any CPU
		{869C2F62-4718-41DE-9C81-FC7DE9618420}.Ad-Hoc|iPhone.Build.0 = Release|Any CPU
		{869C2F62-4718-41DE-9C81-FC7DE9618420}.Ad-Hoc|iPhoneSimulator.ActiveCfg = Release|Any CPU
		{869C2F62-4718-41DE-9C81-FC7DE9618420}.Ad-Hoc|iPhoneSimulator.Build.0 = Release|Any CPU
		{869C2F62-4718-41DE-9C81-FC7DE9618420}.AppStore|Any CPU.ActiveCfg = Release|Any CPU
		{869C2F62-4718-41DE-9C81-FC7DE9618420}.AppStore|Any CPU.Build.0 = Release|Any CPU
		{869C2F62-4718-41DE-9C81-FC7DE9618420}.AppStore|iPhone.ActiveCfg = Release|Any CPU
		{869C2F62-4718-41DE-9C81-FC7DE9618420}.AppStore|iPhone.Build.0 = Release|Any CPU
		{869C2F62-4718-41DE-9C81-FC7DE9618420}.AppStore|iPhoneSimulator.ActiveCfg = Release|Any CPU
		{869C2F62-4718-41DE-9C81-FC7DE9618420}.AppStore|iPhoneSimulator.Build.0 = Release|Any CPU
		{869C2F62-4718-41DE-9C81-FC7DE9618420}.Debug|Any CPU.ActiveCfg = Debug|Any CPU
		{869C2F62-4718-41DE-9C81-FC7DE9618420}.Debug|Any CPU.Build.0 = Debug|Any CPU
		{869C2F62-4718-41DE-9C81-FC7DE9618420}.Debug|iPhone.ActiveCfg = Debug|Any CPU
		{869C2F62-4718-41DE-9C81-FC7DE9618420}.Debug|iPhone.Build.0 = Debug|Any CPU
		{869C2F62-4718-41DE-9C81-FC7DE9618420}.Debug|iPhoneSimulator.ActiveCfg = Debug|Any CPU
		{869C2F62-4718-41DE-9C81-FC7DE9618420}.Debug|iPhoneSimulator.Build.0 = Debug|Any CPU
		{869C2F62-4718-41DE-9C81-FC7DE9618420}.Release|Any CPU.ActiveCfg = Release|Any CPU
		{869C2F62-4718-41DE-9C81-FC7DE9618420}.Release|Any CPU.Build.0 = Release|Any CPU
		{869C2F62-4718-41DE-9C81-FC7DE9618420}.Release|iPhone.ActiveCfg = Release|Any CPU
		{869C2F62-4718-41DE-9C81-FC7DE9618420}.Release|iPhone.Build.0 = Release|Any CPU
		{869C2F62-4718-41DE-9C81-FC7DE9618420}.Release|iPhoneSimulator.ActiveCfg = Release|Any CPU
		{869C2F62-4718-41DE-9C81-FC7DE9618420}.Release|iPhoneSimulator.Build.0 = Release|Any CPU
		{9328DB00-9C56-41E2-BB1B-429467EDB169}.Ad-Hoc|Any CPU.ActiveCfg = Debug|Any CPU
		{9328DB00-9C56-41E2-BB1B-429467EDB169}.Ad-Hoc|Any CPU.Build.0 = Debug|Any CPU
		{9328DB00-9C56-41E2-BB1B-429467EDB169}.Ad-Hoc|iPhone.ActiveCfg = Debug|Any CPU
		{9328DB00-9C56-41E2-BB1B-429467EDB169}.Ad-Hoc|iPhone.Build.0 = Debug|Any CPU
		{9328DB00-9C56-41E2-BB1B-429467EDB169}.Ad-Hoc|iPhoneSimulator.ActiveCfg = Debug|Any CPU
		{9328DB00-9C56-41E2-BB1B-429467EDB169}.Ad-Hoc|iPhoneSimulator.Build.0 = Debug|Any CPU
		{9328DB00-9C56-41E2-BB1B-429467EDB169}.AppStore|Any CPU.ActiveCfg = Debug|Any CPU
		{9328DB00-9C56-41E2-BB1B-429467EDB169}.AppStore|Any CPU.Build.0 = Debug|Any CPU
		{9328DB00-9C56-41E2-BB1B-429467EDB169}.AppStore|iPhone.ActiveCfg = Debug|Any CPU
		{9328DB00-9C56-41E2-BB1B-429467EDB169}.AppStore|iPhone.Build.0 = Debug|Any CPU
		{9328DB00-9C56-41E2-BB1B-429467EDB169}.AppStore|iPhoneSimulator.ActiveCfg = Debug|Any CPU
		{9328DB00-9C56-41E2-BB1B-429467EDB169}.AppStore|iPhoneSimulator.Build.0 = Debug|Any CPU
		{9328DB00-9C56-41E2-BB1B-429467EDB169}.Debug|Any CPU.ActiveCfg = Debug|Any CPU
		{9328DB00-9C56-41E2-BB1B-429467EDB169}.Debug|Any CPU.Build.0 = Debug|Any CPU
		{9328DB00-9C56-41E2-BB1B-429467EDB169}.Debug|iPhone.ActiveCfg = Debug|Any CPU
		{9328DB00-9C56-41E2-BB1B-429467EDB169}.Debug|iPhone.Build.0 = Debug|Any CPU
		{9328DB00-9C56-41E2-BB1B-429467EDB169}.Debug|iPhoneSimulator.ActiveCfg = Debug|Any CPU
		{9328DB00-9C56-41E2-BB1B-429467EDB169}.Debug|iPhoneSimulator.Build.0 = Debug|Any CPU
		{9328DB00-9C56-41E2-BB1B-429467EDB169}.Release|Any CPU.ActiveCfg = Release|Any CPU
		{9328DB00-9C56-41E2-BB1B-429467EDB169}.Release|Any CPU.Build.0 = Release|Any CPU
		{9328DB00-9C56-41E2-BB1B-429467EDB169}.Release|iPhone.ActiveCfg = Release|Any CPU
		{9328DB00-9C56-41E2-BB1B-429467EDB169}.Release|iPhone.Build.0 = Release|Any CPU
		{9328DB00-9C56-41E2-BB1B-429467EDB169}.Release|iPhoneSimulator.ActiveCfg = Release|Any CPU
		{9328DB00-9C56-41E2-BB1B-429467EDB169}.Release|iPhoneSimulator.Build.0 = Release|Any CPU
		{ABA6DB2B-60F6-46D9-852A-D56BC895E42D}.Ad-Hoc|Any CPU.ActiveCfg = Release|Any CPU
		{ABA6DB2B-60F6-46D9-852A-D56BC895E42D}.Ad-Hoc|Any CPU.Build.0 = Release|Any CPU
		{ABA6DB2B-60F6-46D9-852A-D56BC895E42D}.Ad-Hoc|Any CPU.Deploy.0 = Release|Any CPU
		{ABA6DB2B-60F6-46D9-852A-D56BC895E42D}.Ad-Hoc|iPhone.ActiveCfg = Release|Any CPU
		{ABA6DB2B-60F6-46D9-852A-D56BC895E42D}.Ad-Hoc|iPhone.Build.0 = Release|Any CPU
		{ABA6DB2B-60F6-46D9-852A-D56BC895E42D}.Ad-Hoc|iPhone.Deploy.0 = Release|Any CPU
		{ABA6DB2B-60F6-46D9-852A-D56BC895E42D}.Ad-Hoc|iPhoneSimulator.ActiveCfg = Release|Any CPU
		{ABA6DB2B-60F6-46D9-852A-D56BC895E42D}.Ad-Hoc|iPhoneSimulator.Build.0 = Release|Any CPU
		{ABA6DB2B-60F6-46D9-852A-D56BC895E42D}.Ad-Hoc|iPhoneSimulator.Deploy.0 = Release|Any CPU
		{ABA6DB2B-60F6-46D9-852A-D56BC895E42D}.AppStore|Any CPU.ActiveCfg = Release|Any CPU
		{ABA6DB2B-60F6-46D9-852A-D56BC895E42D}.AppStore|Any CPU.Build.0 = Release|Any CPU
		{ABA6DB2B-60F6-46D9-852A-D56BC895E42D}.AppStore|Any CPU.Deploy.0 = Release|Any CPU
		{ABA6DB2B-60F6-46D9-852A-D56BC895E42D}.AppStore|iPhone.ActiveCfg = Release|Any CPU
		{ABA6DB2B-60F6-46D9-852A-D56BC895E42D}.AppStore|iPhone.Build.0 = Release|Any CPU
		{ABA6DB2B-60F6-46D9-852A-D56BC895E42D}.AppStore|iPhone.Deploy.0 = Release|Any CPU
		{ABA6DB2B-60F6-46D9-852A-D56BC895E42D}.AppStore|iPhoneSimulator.ActiveCfg = Release|Any CPU
		{ABA6DB2B-60F6-46D9-852A-D56BC895E42D}.AppStore|iPhoneSimulator.Build.0 = Release|Any CPU
		{ABA6DB2B-60F6-46D9-852A-D56BC895E42D}.AppStore|iPhoneSimulator.Deploy.0 = Release|Any CPU
		{ABA6DB2B-60F6-46D9-852A-D56BC895E42D}.Debug|Any CPU.ActiveCfg = Debug|Any CPU
		{ABA6DB2B-60F6-46D9-852A-D56BC895E42D}.Debug|Any CPU.Build.0 = Debug|Any CPU
		{ABA6DB2B-60F6-46D9-852A-D56BC895E42D}.Debug|Any CPU.Deploy.0 = Debug|Any CPU
		{ABA6DB2B-60F6-46D9-852A-D56BC895E42D}.Debug|iPhone.ActiveCfg = Debug|Any CPU
		{ABA6DB2B-60F6-46D9-852A-D56BC895E42D}.Debug|iPhone.Build.0 = Debug|Any CPU
		{ABA6DB2B-60F6-46D9-852A-D56BC895E42D}.Debug|iPhone.Deploy.0 = Debug|Any CPU
		{ABA6DB2B-60F6-46D9-852A-D56BC895E42D}.Debug|iPhoneSimulator.ActiveCfg = Debug|Any CPU
		{ABA6DB2B-60F6-46D9-852A-D56BC895E42D}.Debug|iPhoneSimulator.Build.0 = Debug|Any CPU
		{ABA6DB2B-60F6-46D9-852A-D56BC895E42D}.Debug|iPhoneSimulator.Deploy.0 = Debug|Any CPU
		{ABA6DB2B-60F6-46D9-852A-D56BC895E42D}.Release|Any CPU.ActiveCfg = Release|Any CPU
		{ABA6DB2B-60F6-46D9-852A-D56BC895E42D}.Release|Any CPU.Build.0 = Release|Any CPU
		{ABA6DB2B-60F6-46D9-852A-D56BC895E42D}.Release|Any CPU.Deploy.0 = Release|Any CPU
		{ABA6DB2B-60F6-46D9-852A-D56BC895E42D}.Release|iPhone.ActiveCfg = Release|Any CPU
		{ABA6DB2B-60F6-46D9-852A-D56BC895E42D}.Release|iPhone.Build.0 = Release|Any CPU
		{ABA6DB2B-60F6-46D9-852A-D56BC895E42D}.Release|iPhone.Deploy.0 = Release|Any CPU
		{ABA6DB2B-60F6-46D9-852A-D56BC895E42D}.Release|iPhoneSimulator.ActiveCfg = Release|Any CPU
		{ABA6DB2B-60F6-46D9-852A-D56BC895E42D}.Release|iPhoneSimulator.Build.0 = Release|Any CPU
		{ABA6DB2B-60F6-46D9-852A-D56BC895E42D}.Release|iPhoneSimulator.Deploy.0 = Release|Any CPU
		{9AEACA41-BB64-4C23-AE4F-9F2B3DF7EF81}.Ad-Hoc|Any CPU.ActiveCfg = Ad-Hoc|iPhone
		{9AEACA41-BB64-4C23-AE4F-9F2B3DF7EF81}.Ad-Hoc|iPhone.ActiveCfg = Ad-Hoc|iPhone
		{9AEACA41-BB64-4C23-AE4F-9F2B3DF7EF81}.Ad-Hoc|iPhone.Build.0 = Ad-Hoc|iPhone
		{9AEACA41-BB64-4C23-AE4F-9F2B3DF7EF81}.Ad-Hoc|iPhoneSimulator.ActiveCfg = Ad-Hoc|iPhoneSimulator
		{9AEACA41-BB64-4C23-AE4F-9F2B3DF7EF81}.Ad-Hoc|iPhoneSimulator.Build.0 = Ad-Hoc|iPhoneSimulator
		{9AEACA41-BB64-4C23-AE4F-9F2B3DF7EF81}.AppStore|Any CPU.ActiveCfg = AppStore|iPhone
		{9AEACA41-BB64-4C23-AE4F-9F2B3DF7EF81}.AppStore|iPhone.ActiveCfg = AppStore|iPhone
		{9AEACA41-BB64-4C23-AE4F-9F2B3DF7EF81}.AppStore|iPhone.Build.0 = AppStore|iPhone
		{9AEACA41-BB64-4C23-AE4F-9F2B3DF7EF81}.AppStore|iPhoneSimulator.ActiveCfg = AppStore|iPhoneSimulator
		{9AEACA41-BB64-4C23-AE4F-9F2B3DF7EF81}.AppStore|iPhoneSimulator.Build.0 = AppStore|iPhoneSimulator
		{9AEACA41-BB64-4C23-AE4F-9F2B3DF7EF81}.Debug|Any CPU.ActiveCfg = Debug|iPhone
		{9AEACA41-BB64-4C23-AE4F-9F2B3DF7EF81}.Debug|iPhone.ActiveCfg = Debug|iPhone
		{9AEACA41-BB64-4C23-AE4F-9F2B3DF7EF81}.Debug|iPhone.Build.0 = Debug|iPhone
		{9AEACA41-BB64-4C23-AE4F-9F2B3DF7EF81}.Debug|iPhoneSimulator.ActiveCfg = Debug|iPhoneSimulator
		{9AEACA41-BB64-4C23-AE4F-9F2B3DF7EF81}.Debug|iPhoneSimulator.Build.0 = Debug|iPhoneSimulator
		{9AEACA41-BB64-4C23-AE4F-9F2B3DF7EF81}.Release|Any CPU.ActiveCfg = Release|iPhone
		{9AEACA41-BB64-4C23-AE4F-9F2B3DF7EF81}.Release|iPhone.ActiveCfg = Release|iPhone
		{9AEACA41-BB64-4C23-AE4F-9F2B3DF7EF81}.Release|iPhone.Build.0 = Release|iPhone
		{9AEACA41-BB64-4C23-AE4F-9F2B3DF7EF81}.Release|iPhoneSimulator.ActiveCfg = Release|iPhoneSimulator
		{9AEACA41-BB64-4C23-AE4F-9F2B3DF7EF81}.Release|iPhoneSimulator.Build.0 = Release|iPhoneSimulator
	EndGlobalSection
	GlobalSection(SolutionProperties) = preSolution
		HideSolutionNode = FALSE
	EndGlobalSection
	GlobalSection(ExtensibilityGlobals) = postSolution
		SolutionGuid = {9A900644-9126-449F-945A-432A73AF66CC}
	EndGlobalSection
EndGlobal
